# This file is automatically @generated by Poetry 1.8.2 and should not be changed by hand.

[[package]]
name = "latex-gen-small"
version = "0.1.3"
description = ""
optional = false
python-versions = "<4.0,>=3.10"
files = [
    {file = "latex_gen_small-0.1.3-py3-none-any.whl", hash = "sha256:78146fcce48d8af87826961fd2c903b21a2eaa33e9addd357e521b7a6e77c46f"},
    {file = "latex_gen_small-0.1.3.tar.gz", hash = "sha256:6c7033ca266475c74e01dd17e567050e4616a3d2214400912fa2ce42cef2031e"},
]

[metadata]
lock-version = "2.0"
python-versions = "^3.10"
content-hash = "799f7b2ce7decfce51a361ffaaf1719452ab983414c886d755504a81c98d4336"
