# This file is automatically @generated by Poetry 1.8.2 and should not be changed by hand.

[[package]]
name = "latex-gen-small"
version = "0.1.4"
description = ""
optional = false
python-versions = "<4.0,>=3.10"
files = [
    {file = "latex_gen_small-0.1.4-py3-none-any.whl", hash = "sha256:ddca3b2e7e9ebb26358027fb6d21469fcb64ac5d165f64b1eb51884ed5fb2026"},
    {file = "latex_gen_small-0.1.4.tar.gz", hash = "sha256:3e05168a6225f0247c7f7e9c7081307509cde697cc3d60c39e13f7e7760a93a2"},
]

[metadata]
lock-version = "2.0"
python-versions = "^3.10"
content-hash = "85c19ff6d903e790ab5befffac59e9792222ace9ee152566667b116a3a29dfb1"
